// !$*UTF8*$!
{
	archiveVersion = 1;
	classes = {
	};
	objectVersion = 46;
	objects = {

/* Begin PBXBuildFile section */
		B569404B1B46D6C300085F55 /* libPersistenceLayer.a in Frameworks */ = {isa = PBXBuildFile; fileRef = B569404A1B46D6C300085F55 /* libPersistenceLayer.a */; };
		B569404D1B46D6CE00085F55 /* Foundation.framework in Frameworks */ = {isa = PBXBuildFile; fileRef = B569404C1B46D6CE00085F55 /* Foundation.framework */; };
		B569404F1B46D74200085F55 /* GHUnitIOS.framework in Frameworks */ = {isa = PBXBuildFile; fileRef = B569404E1B46D74200085F55 /* GHUnitIOS.framework */; };
		B56940511B46D76000085F55 /* CoreGraphics.framework in Frameworks */ = {isa = PBXBuildFile; fileRef = B56940501B46D76000085F55 /* CoreGraphics.framework */; };
		B56940531B46D76700085F55 /* UIKit.framework in Frameworks */ = {isa = PBXBuildFile; fileRef = B56940521B46D76700085F55 /* UIKit.framework */; };
		B574E43E1B31A41800037C40 /* libBusinessLogicLayer.a in Frameworks */ = {isa = PBXBuildFile; fileRef = B574E4321B31A41700037C40 /* libBusinessLogicLayer.a */; };
		B574E48D1B31AD6300037C40 /* EventsDAOTests.m in Sources */ = {isa = PBXBuildFile; fileRef = B574E48C1B31AD6300037C40 /* EventsDAOTests.m */; };
		B574E4CF1B31BF3100037C40 /* EventsBLTest.m in Sources */ = {isa = PBXBuildFile; fileRef = B574E4CE1B31BF3100037C40 /* EventsBLTest.m */; };
		B574E4D11B31BF7200037C40 /* ScheduleBLTest.m in Sources */ = {isa = PBXBuildFile; fileRef = B574E4D01B31BF7200037C40 /* ScheduleBLTest.m */; };
		B574E4D41B31BFCD00037C40 /* EventsBL.m in Sources */ = {isa = PBXBuildFile; fileRef = B574E4D31B31BFCD00037C40 /* EventsBL.m */; };
		B574E4D51B31BFCD00037C40 /* EventsBL.m in Sources */ = {isa = PBXBuildFile; fileRef = B574E4D31B31BFCD00037C40 /* EventsBL.m */; };
		B574E4D81B31C01400037C40 /* ScheduleBL.m in Sources */ = {isa = PBXBuildFile; fileRef = B574E4D71B31C01400037C40 /* ScheduleBL.m */; };
		B574E4D91B31C01400037C40 /* ScheduleBL.m in Sources */ = {isa = PBXBuildFile; fileRef = B574E4D71B31C01400037C40 /* ScheduleBL.m */; };
/* End PBXBuildFile section */

/* Begin PBXContainerItemProxy section */
		B574E43F1B31A41800037C40 /* PBXContainerItemProxy */ = {
			isa = PBXContainerItemProxy;
			containerPortal = B574E42A1B31A41700037C40 /* Project object */;
			proxyType = 1;
			remoteGlobalIDString = B574E4311B31A41700037C40;
			remoteInfo = BusinessLogicLayer;
		};
		B574E4C91B31BEF000037C40 /* PBXContainerItemProxy */ = {
			isa = PBXContainerItemProxy;
			containerPortal = B574E42A1B31A41700037C40 /* Project object */;
			proxyType = 1;
			remoteGlobalIDString = B574E4311B31A41700037C40;
			remoteInfo = BusinessLogicLayer;
		};
/* End PBXContainerItemProxy section */

/* Begin PBXCopyFilesBuildPhase section */
		B574E4301B31A41700037C40 /* CopyFiles */ = {
			isa = PBXCopyFilesBuildPhase;
			buildActionMask = 2147483647;
			dstPath = "include/$(PRODUCT_NAME)";
			dstSubfolderSpec = 16;
			files = (
			);
			runOnlyForDeploymentPostprocessing = 0;
		};
/* End PBXCopyFilesBuildPhase section */

/* Begin PBXFileReference section */
		B569404A1B46D6C300085F55 /* libPersistenceLayer.a */ = {isa = PBXFileReference; lastKnownFileType = archive.ar; name = libPersistenceLayer.a; path = "../PersistenceLayer/build/Debug-iphoneos/libPersistenceLayer.a"; sourceTree = "<group>"; };
		B569404C1B46D6CE00085F55 /* Foundation.framework */ = {isa = PBXFileReference; lastKnownFileType = wrapper.framework; name = Foundation.framework; path = System/Library/Frameworks/Foundation.framework; sourceTree = SDKROOT; };
		B569404E1B46D74200085F55 /* GHUnitIOS.framework */ = {isa = PBXFileReference; lastKnownFileType = wrapper.framework; name = GHUnitIOS.framework; path = "../../../../../Downloads/2016Olympics_iOS-master/GHUnitIOS.framework"; sourceTree = "<group>"; };
		B56940501B46D76000085F55 /* CoreGraphics.framework */ = {isa = PBXFileReference; lastKnownFileType = wrapper.framework; name = CoreGraphics.framework; path = System/Library/Frameworks/CoreGraphics.framework; sourceTree = SDKROOT; };
		B56940521B46D76700085F55 /* UIKit.framework */ = {isa = PBXFileReference; lastKnownFileType = wrapper.framework; name = UIKit.framework; path = System/Library/Frameworks/UIKit.framework; sourceTree = SDKROOT; };
		B574E4321B31A41700037C40 /* libBusinessLogicLayer.a */ = {isa = PBXFileReference; explicitFileType = archive.ar; includeInIndex = 0; path = libBusinessLogicLayer.a; sourceTree = BUILT_PRODUCTS_DIR; };
		B574E43D1B31A41800037C40 /* BusinessLogicLayerTests.xctest */ = {isa = PBXFileReference; explicitFileType = wrapper.cfbundle; includeInIndex = 0; path = BusinessLogicLayerTests.xctest; sourceTree = BUILT_PRODUCTS_DIR; };
		B574E47F1B31A69A00037C40 /* create_load.sql */ = {isa = PBXFileReference; fileEncoding = 4; lastKnownFileType = text; path = create_load.sql; sourceTree = "<group>"; };
		B574E4801B31A69A00037C40 /* DBConfig.plist */ = {isa = PBXFileReference; fileEncoding = 4; lastKnownFileType = text.plist.xml; path = DBConfig.plist; sourceTree = "<group>"; };
		B574E48C1B31AD6300037C40 /* EventsDAOTests.m */ = {isa = PBXFileReference; fileEncoding = 4; lastKnownFileType = sourcecode.c.objc; path = EventsDAOTests.m; sourceTree = "<group>"; };
		B574E4C21B31BEF000037C40 /* GHUnitTest.xctest */ = {isa = PBXFileReference; explicitFileType = wrapper.cfbundle; includeInIndex = 0; path = GHUnitTest.xctest; sourceTree = BUILT_PRODUCTS_DIR; };
		B574E4C51B31BEF000037C40 /* Info.plist */ = {isa = PBXFileReference; lastKnownFileType = text.plist.xml; path = Info.plist; sourceTree = "<group>"; };
		B574E4CE1B31BF3100037C40 /* EventsBLTest.m */ = {isa = PBXFileReference; fileEncoding = 4; lastKnownFileType = sourcecode.c.objc; path = EventsBLTest.m; sourceTree = "<group>"; };
		B574E4D01B31BF7200037C40 /* ScheduleBLTest.m */ = {isa = PBXFileReference; fileEncoding = 4; lastKnownFileType = sourcecode.c.objc; path = ScheduleBLTest.m; sourceTree = "<group>"; };
		B574E4D21B31BFCD00037C40 /* EventsBL.h */ = {isa = PBXFileReference; fileEncoding = 4; lastKnownFileType = sourcecode.c.h; path = EventsBL.h; sourceTree = "<group>"; };
		B574E4D31B31BFCD00037C40 /* EventsBL.m */ = {isa = PBXFileReference; fileEncoding = 4; lastKnownFileType = sourcecode.c.objc; path = EventsBL.m; sourceTree = "<group>"; };
		B574E4D61B31C01400037C40 /* ScheduleBL.h */ = {isa = PBXFileReference; fileEncoding = 4; lastKnownFileType = sourcecode.c.h; path = ScheduleBL.h; sourceTree = "<group>"; };
		B574E4D71B31C01400037C40 /* ScheduleBL.m */ = {isa = PBXFileReference; fileEncoding = 4; lastKnownFileType = sourcecode.c.objc; path = ScheduleBL.m; sourceTree = "<group>"; };
/* End PBXFileReference section */

/* Begin PBXFrameworksBuildPhase section */
		B574E42F1B31A41700037C40 /* Frameworks */ = {
			isa = PBXFrameworksBuildPhase;
			buildActionMask = 2147483647;
			files = (
				B56940511B46D76000085F55 /* CoreGraphics.framework in Frameworks */,
				B56940531B46D76700085F55 /* UIKit.framework in Frameworks */,
				B569404F1B46D74200085F55 /* GHUnitIOS.framework in Frameworks */,
			);
			runOnlyForDeploymentPostprocessing = 0;
		};
		B574E43A1B31A41800037C40 /* Frameworks */ = {
			isa = PBXFrameworksBuildPhase;
			buildActionMask = 2147483647;
			files = (
				B574E43E1B31A41800037C40 /* libBusinessLogicLayer.a in Frameworks */,
			);
			runOnlyForDeploymentPostprocessing = 0;
		};
		B574E4BF1B31BEF000037C40 /* Frameworks */ = {
			isa = PBXFrameworksBuildPhase;
			buildActionMask = 2147483647;
			files = (
				B569404D1B46D6CE00085F55 /* Foundation.framework in Frameworks */,
				B569404B1B46D6C300085F55 /* libPersistenceLayer.a in Frameworks */,
			);
			runOnlyForDeploymentPostprocessing = 0;
		};
/* End PBXFrameworksBuildPhase section */

/* Begin PBXGroup section */
		B56940491B46D66800085F55 /* Frameworks */ = {
			isa = PBXGroup;
			children = (
				B569404A1B46D6C300085F55 /* libPersistenceLayer.a */,
				B56940521B46D76700085F55 /* UIKit.framework */,
				B56940501B46D76000085F55 /* CoreGraphics.framework */,
				B569404E1B46D74200085F55 /* GHUnitIOS.framework */,
				B569404C1B46D6CE00085F55 /* Foundation.framework */,
			);
			name = Frameworks;
			sourceTree = "<group>";
		};
		B574E4291B31A41700037C40 = {
			isa = PBXGroup;
			children = (
				B56940491B46D66800085F55 /* Frameworks */,
				B574E47E1B31A65000037C40 /* DBFile */,
				B574E4341B31A41700037C40 /* BusinessLogicLayer */,
				B574E4C31B31BEF000037C40 /* GHUnitTest */,
				B574E4331B31A41700037C40 /* Products */,
				B574E48A1B31AD1000037C40 /* GHUnitTest */,
			);
			sourceTree = "<group>";
		};
		B574E4331B31A41700037C40 /* Products */ = {
			isa = PBXGroup;
			children = (
				B574E4321B31A41700037C40 /* libBusinessLogicLayer.a */,
				B574E43D1B31A41800037C40 /* BusinessLogicLayerTests.xctest */,
				B574E4C21B31BEF000037C40 /* GHUnitTest.xctest */,
			);
			name = Products;
			sourceTree = "<group>";
		};
		B574E4341B31A41700037C40 /* BusinessLogicLayer */ = {
			isa = PBXGroup;
			children = (
				B574E4D21B31BFCD00037C40 /* EventsBL.h */,
				B574E4D31B31BFCD00037C40 /* EventsBL.m */,
				B574E4D61B31C01400037C40 /* ScheduleBL.h */,
				B574E4D71B31C01400037C40 /* ScheduleBL.m */,
			);
			path = BusinessLogicLayer;
			sourceTree = "<group>";
		};
		B574E47E1B31A65000037C40 /* DBFile */ = {
			isa = PBXGroup;
			children = (
				B574E47F1B31A69A00037C40 /* create_load.sql */,
				B574E4801B31A69A00037C40 /* DBConfig.plist */,
			);
			name = DBFile;
			path = ../DBFile;
			sourceTree = "<group>";
		};
		B574E48A1B31AD1000037C40 /* GHUnitTest */ = {
			isa = PBXGroup;
			children = (
				B574E48C1B31AD6300037C40 /* EventsDAOTests.m */,
			);
			path = GHUnitTest;
			sourceTree = "<group>";
		};
		B574E4C31B31BEF000037C40 /* GHUnitTest */ = {
			isa = PBXGroup;
			children = (
				B574E4C41B31BEF000037C40 /* Supporting Files */,
				B574E4CE1B31BF3100037C40 /* EventsBLTest.m */,
				B574E4D01B31BF7200037C40 /* ScheduleBLTest.m */,
			);
			path = GHUnitTest;
			sourceTree = "<group>";
		};
		B574E4C41B31BEF000037C40 /* Supporting Files */ = {
			isa = PBXGroup;
			children = (
				B574E4C51B31BEF000037C40 /* Info.plist */,
			);
			name = "Supporting Files";
			sourceTree = "<group>";
		};
/* End PBXGroup section */

/* Begin PBXNativeTarget section */
		B574E4311B31A41700037C40 /* BusinessLogicLayer */ = {
			isa = PBXNativeTarget;
			buildConfigurationList = B574E4461B31A41800037C40 /* Build configuration list for PBXNativeTarget "BusinessLogicLayer" */;
			buildPhases = (
				B574E42E1B31A41700037C40 /* Sources */,
				B574E42F1B31A41700037C40 /* Frameworks */,
				B574E4301B31A41700037C40 /* CopyFiles */,
			);
			buildRules = (
			);
			dependencies = (
			);
			name = BusinessLogicLayer;
			productName = BusinessLogicLayer;
			productReference = B574E4321B31A41700037C40 /* libBusinessLogicLayer.a */;
			productType = "com.apple.product-type.library.static";
		};
		B574E43C1B31A41800037C40 /* BusinessLogicLayerTests */ = {
			isa = PBXNativeTarget;
			buildConfigurationList = B574E4491B31A41800037C40 /* Build configuration list for PBXNativeTarget "BusinessLogicLayerTests" */;
			buildPhases = (
				B574E4391B31A41800037C40 /* Sources */,
				B574E43A1B31A41800037C40 /* Frameworks */,
				B574E43B1B31A41800037C40 /* Resources */,
			);
			buildRules = (
			);
			dependencies = (
				B574E4401B31A41800037C40 /* PBXTargetDependency */,
			);
			name = BusinessLogicLayerTests;
			productName = BusinessLogicLayerTests;
			productReference = B574E43D1B31A41800037C40 /* BusinessLogicLayerTests.xctest */;
			productType = "com.apple.product-type.bundle.unit-test";
		};
		B574E4C11B31BEF000037C40 /* GHUnitTest */ = {
			isa = PBXNativeTarget;
			buildConfigurationList = B574E4CB1B31BEF000037C40 /* Build configuration list for PBXNativeTarget "GHUnitTest" */;
			buildPhases = (
				B574E4BE1B31BEF000037C40 /* Sources */,
				B574E4BF1B31BEF000037C40 /* Frameworks */,
				B574E4C01B31BEF000037C40 /* Resources */,
			);
			buildRules = (
			);
			dependencies = (
				B574E4CA1B31BEF000037C40 /* PBXTargetDependency */,
			);
			name = GHUnitTest;
			productName = GHUnitTest;
			productReference = B574E4C21B31BEF000037C40 /* GHUnitTest.xctest */;
			productType = "com.apple.product-type.bundle.unit-test";
		};
/* End PBXNativeTarget section */

/* Begin PBXProject section */
		B574E42A1B31A41700037C40 /* Project object */ = {
			isa = PBXProject;
			attributes = {
				LastUpgradeCheck = 0630;
				ORGANIZATIONNAME = Emma;
				TargetAttributes = {
					B574E4311B31A41700037C40 = {
						CreatedOnToolsVersion = 6.3;
					};
					B574E43C1B31A41800037C40 = {
						CreatedOnToolsVersion = 6.3;
					};
					B574E4C11B31BEF000037C40 = {
						CreatedOnToolsVersion = 6.3;
					};
				};
			};
			buildConfigurationList = B574E42D1B31A41700037C40 /* Build configuration list for PBXProject "BusinessLogicLayer" */;
			compatibilityVersion = "Xcode 3.2";
			developmentRegion = English;
			hasScannedForEncodings = 0;
			knownRegions = (
				en,
			);
			mainGroup = B574E4291B31A41700037C40;
			productRefGroup = B574E4331B31A41700037C40 /* Products */;
			projectDirPath = "";
			projectRoot = "";
			targets = (
				B574E4311B31A41700037C40 /* BusinessLogicLayer */,
				B574E43C1B31A41800037C40 /* BusinessLogicLayerTests */,
				B574E4C11B31BEF000037C40 /* GHUnitTest */,
			);
		};
/* End PBXProject section */

/* Begin PBXResourcesBuildPhase section */
		B574E43B1B31A41800037C40 /* Resources */ = {
			isa = PBXResourcesBuildPhase;
			buildActionMask = 2147483647;
			files = (
			);
			runOnlyForDeploymentPostprocessing = 0;
		};
		B574E4C01B31BEF000037C40 /* Resources */ = {
			isa = PBXResourcesBuildPhase;
			buildActionMask = 2147483647;
			files = (
			);
			runOnlyForDeploymentPostprocessing = 0;
		};
/* End PBXResourcesBuildPhase section */

/* Begin PBXSourcesBuildPhase section */
		B574E42E1B31A41700037C40 /* Sources */ = {
			isa = PBXSourcesBuildPhase;
			buildActionMask = 2147483647;
			files = (
				B574E4D41B31BFCD00037C40 /* EventsBL.m in Sources */,
				B574E4D81B31C01400037C40 /* ScheduleBL.m in Sources */,
				B574E48D1B31AD6300037C40 /* EventsDAOTests.m in Sources */,
			);
			runOnlyForDeploymentPostprocessing = 0;
		};
		B574E4391B31A41800037C40 /* Sources */ = {
			isa = PBXSourcesBuildPhase;
			buildActionMask = 2147483647;
			files = (
			);
			runOnlyForDeploymentPostprocessing = 0;
		};
		B574E4BE1B31BEF000037C40 /* Sources */ = {
			isa = PBXSourcesBuildPhase;
			buildActionMask = 2147483647;
			files = (
				B574E4D11B31BF7200037C40 /* ScheduleBLTest.m in Sources */,
				B574E4D51B31BFCD00037C40 /* EventsBL.m in Sources */,
				B574E4D91B31C01400037C40 /* ScheduleBL.m in Sources */,
				B574E4CF1B31BF3100037C40 /* EventsBLTest.m in Sources */,
			);
			runOnlyForDeploymentPostprocessing = 0;
		};
/* End PBXSourcesBuildPhase section */

/* Begin PBXTargetDependency section */
		B574E4401B31A41800037C40 /* PBXTargetDependency */ = {
			isa = PBXTargetDependency;
			target = B574E4311B31A41700037C40 /* BusinessLogicLayer */;
			targetProxy = B574E43F1B31A41800037C40 /* PBXContainerItemProxy */;
		};
		B574E4CA1B31BEF000037C40 /* PBXTargetDependency */ = {
			isa = PBXTargetDependency;
			target = B574E4311B31A41700037C40 /* BusinessLogicLayer */;
			targetProxy = B574E4C91B31BEF000037C40 /* PBXContainerItemProxy */;
		};
/* End PBXTargetDependency section */

/* Begin XCBuildConfiguration section */
		B574E4441B31A41800037C40 /* Debug */ = {
			isa = XCBuildConfiguration;
			buildSettings = {
				ALWAYS_SEARCH_USER_PATHS = NO;
				CLANG_CXX_LANGUAGE_STANDARD = "gnu++0x";
				CLANG_CXX_LIBRARY = "libc++";
				CLANG_ENABLE_MODULES = YES;
				CLANG_ENABLE_OBJC_ARC = YES;
				CLANG_WARN_BOOL_CONVERSION = YES;
				CLANG_WARN_CONSTANT_CONVERSION = YES;
				CLANG_WARN_DIRECT_OBJC_ISA_USAGE = YES_ERROR;
				CLANG_WARN_EMPTY_BODY = YES;
				CLANG_WARN_ENUM_CONVERSION = YES;
				CLANG_WARN_INT_CONVERSION = YES;
				CLANG_WARN_OBJC_ROOT_CLASS = YES_ERROR;
				CLANG_WARN_UNREACHABLE_CODE = YES;
				CLANG_WARN__DUPLICATE_METHOD_MATCH = YES;
				COPY_PHASE_STRIP = NO;
				DEBUG_INFORMATION_FORMAT = "dwarf-with-dsym";
				ENABLE_STRICT_OBJC_MSGSEND = YES;
				GCC_C_LANGUAGE_STANDARD = gnu99;
				GCC_DYNAMIC_NO_PIC = NO;
				GCC_NO_COMMON_BLOCKS = YES;
				GCC_OPTIMIZATION_LEVEL = 0;
				GCC_PREPROCESSOR_DEFINITIONS = (
					"DEBUG=1",
					"$(inherited)",
				);
				GCC_SYMBOLS_PRIVATE_EXTERN = NO;
				GCC_WARN_64_TO_32_BIT_CONVERSION = YES;
				GCC_WARN_ABOUT_RETURN_TYPE = YES_ERROR;
				GCC_WARN_UNDECLARED_SELECTOR = YES;
				GCC_WARN_UNINITIALIZED_AUTOS = YES_AGGRESSIVE;
				GCC_WARN_UNUSED_FUNCTION = YES;
				GCC_WARN_UNUSED_VARIABLE = YES;
				IPHONEOS_DEPLOYMENT_TARGET = 8.3;
				MTL_ENABLE_DEBUG_INFO = YES;
				ONLY_ACTIVE_ARCH = YES;
				SDKROOT = iphoneos;
			};
			name = Debug;
		};
		B574E4451B31A41800037C40 /* Release */ = {
			isa = XCBuildConfiguration;
			buildSettings = {
				ALWAYS_SEARCH_USER_PATHS = NO;
				CLANG_CXX_LANGUAGE_STANDARD = "gnu++0x";
				CLANG_CXX_LIBRARY = "libc++";
				CLANG_ENABLE_MODULES = YES;
				CLANG_ENABLE_OBJC_ARC = YES;
				CLANG_WARN_BOOL_CONVERSION = YES;
				CLANG_WARN_CONSTANT_CONVERSION = YES;
				CLANG_WARN_DIRECT_OBJC_ISA_USAGE = YES_ERROR;
				CLANG_WARN_EMPTY_BODY = YES;
				CLANG_WARN_ENUM_CONVERSION = YES;
				CLANG_WARN_INT_CONVERSION = YES;
				CLANG_WARN_OBJC_ROOT_CLASS = YES_ERROR;
				CLANG_WARN_UNREACHABLE_CODE = YES;
				CLANG_WARN__DUPLICATE_METHOD_MATCH = YES;
				COPY_PHASE_STRIP = NO;
				DEBUG_INFORMATION_FORMAT = "dwarf-with-dsym";
				ENABLE_NS_ASSERTIONS = NO;
				ENABLE_STRICT_OBJC_MSGSEND = YES;
				GCC_C_LANGUAGE_STANDARD = gnu99;
				GCC_NO_COMMON_BLOCKS = YES;
				GCC_WARN_64_TO_32_BIT_CONVERSION = YES;
				GCC_WARN_ABOUT_RETURN_TYPE = YES_ERROR;
				GCC_WARN_UNDECLARED_SELECTOR = YES;
				GCC_WARN_UNINITIALIZED_AUTOS = YES_AGGRESSIVE;
				GCC_WARN_UNUSED_FUNCTION = YES;
				GCC_WARN_UNUSED_VARIABLE = YES;
				IPHONEOS_DEPLOYMENT_TARGET = 8.3;
				MTL_ENABLE_DEBUG_INFO = NO;
				SDKROOT = iphoneos;
				VALIDATE_PRODUCT = YES;
			};
			name = Release;
		};
		B574E4471B31A41800037C40 /* Debug */ = {
			isa = XCBuildConfiguration;
			buildSettings = {
				FRAMEWORK_SEARCH_PATHS = (
					"$(inherited)",
					"/Users/emma/Downloads/2016Olympics_iOS-master",
				);
				OTHER_LDFLAGS = "-ObjC";
				PRODUCT_NAME = "$(TARGET_NAME)";
				SKIP_INSTALL = YES;
			};
			name = Debug;
		};
		B574E4481B31A41800037C40 /* Release */ = {
			isa = XCBuildConfiguration;
			buildSettings = {
				FRAMEWORK_SEARCH_PATHS = (
					"$(inherited)",
					"/Users/emma/Downloads/2016Olympics_iOS-master",
				);
				OTHER_LDFLAGS = "-ObjC";
				PRODUCT_NAME = "$(TARGET_NAME)";
				SKIP_INSTALL = YES;
			};
			name = Release;
		};
		B574E44A1B31A41800037C40 /* Debug */ = {
			isa = XCBuildConfiguration;
			buildSettings = {
				"CODE_SIGN_IDENTITY[sdk=iphoneos*]" = "iPhone Developer";
				FRAMEWORK_SEARCH_PATHS = (
					"$(SDKROOT)/Developer/Library/Frameworks",
					"$(inherited)",
				);
				GCC_PREPROCESSOR_DEFINITIONS = (
					"DEBUG=1",
					"$(inherited)",
				);
				INFOPLIST_FILE = BusinessLogicLayerTests/Info.plist;
				LD_RUNPATH_SEARCH_PATHS = "$(inherited) @executable_path/Frameworks @loader_path/Frameworks";
				PRODUCT_NAME = "$(TARGET_NAME)";
			};
			name = Debug;
		};
		B574E44B1B31A41800037C40 /* Release */ = {
			isa = XCBuildConfiguration;
			buildSettings = {
				"CODE_SIGN_IDENTITY[sdk=iphoneos*]" = "iPhone Developer";
				FRAMEWORK_SEARCH_PATHS = (
					"$(SDKROOT)/Developer/Library/Frameworks",
					"$(inherited)",
				);
				INFOPLIST_FILE = BusinessLogicLayerTests/Info.plist;
				LD_RUNPATH_SEARCH_PATHS = "$(inherited) @executable_path/Frameworks @loader_path/Frameworks";
				PRODUCT_NAME = "$(TARGET_NAME)";
			};
			name = Release;
		};
		B574E4CC1B31BEF000037C40 /* Debug */ = {
			isa = XCBuildConfiguration;
			buildSettings = {
				FRAMEWORK_SEARCH_PATHS = (
					"$(SDKROOT)/Developer/Library/Frameworks",
					"$(inherited)",
				);
				GCC_PREPROCESSOR_DEFINITIONS = (
					"DEBUG=1",
					"$(inherited)",
				);
				INFOPLIST_FILE = GHUnitTest/Info.plist;
				LD_RUNPATH_SEARCH_PATHS = "$(inherited) @executable_path/Frameworks @loader_path/Frameworks";
				LIBRARY_SEARCH_PATHS = (
					"$(inherited)",
					"/Users/emma/Documents/IOS开发/2016Olympics/PersistenceLayer/build/Debug-iphoneos",
					"/Users/emma/Documents/IOS开发/my",
					"project/2016Olympics/PersistenceLayer/build/Debug-iphoneos",
				);
				PRODUCT_NAME = "$(TARGET_NAME)";
				USER_HEADER_SEARCH_PATHS = "$(BUILT_PRODUCTS_DIR)/**";
				"USER_HEADER_SEARCH_PATHS[arch=*]" = "";
			};
			name = Debug;
		};
		B574E4CD1B31BEF000037C40 /* Release */ = {
			isa = XCBuildConfiguration;
			buildSettings = {
				FRAMEWORK_SEARCH_PATHS = (
					"$(SDKROOT)/Developer/Library/Frameworks",
					"$(inherited)",
				);
				INFOPLIST_FILE = GHUnitTest/Info.plist;
				LD_RUNPATH_SEARCH_PATHS = "$(inherited) @executable_path/Frameworks @loader_path/Frameworks";
				LIBRARY_SEARCH_PATHS = (
					"$(inherited)",
					"/Users/emma/Documents/IOS开发/2016Olympics/PersistenceLayer/build/Debug-iphoneos",
					"/Users/emma/Documents/IOS开发/my",
					"project/2016Olympics/PersistenceLayer/build/Debug-iphoneos",
				);
				PRODUCT_NAME = "$(TARGET_NAME)";
				USER_HEADER_SEARCH_PATHS = "$(BUILT_PRODUCTS_DIR)/**";
			};
			name = Release;
		};
/* End XCBuildConfiguration section */

/* Begin XCConfigurationList section */
		B574E42D1B31A41700037C40 /* Build configuration list for PBXProject "BusinessLogicLayer" */ = {
			isa = XCConfigurationList;
			buildConfigurations = (
				B574E4441B31A41800037C40 /* Debug */,
				B574E4451B31A41800037C40 /* Release */,
			);
			defaultConfigurationIsVisible = 0;
			defaultConfigurationName = Release;
		};
		B574E4461B31A41800037C40 /* Build configuration list for PBXNativeTarget "BusinessLogicLayer" */ = {
			isa = XCConfigurationList;
			buildConfigurations = (
				B574E4471B31A41800037C40 /* Debug */,
				B574E4481B31A41800037C40 /* Release */,
			);
			defaultConfigurationIsVisible = 0;
			defaultConfigurationName = Release;
		};
		B574E4491B31A41800037C40 /* Build configuration list for PBXNativeTarget "BusinessLogicLayerTests" */ = {
			isa = XCConfigurationList;
			buildConfigurations = (
				B574E44A1B31A41800037C40 /* Debug */,
				B574E44B1B31A41800037C40 /* Release */,
			);
			defaultConfigurationIsVisible = 0;
			defaultConfigurationName = Release;
		};
		B574E4CB1B31BEF000037C40 /* Build configuration list for PBXNativeTarget "GHUnitTest" */ = {
			isa = XCConfigurationList;
			buildConfigurations = (
				B574E4CC1B31BEF000037C40 /* Debug */,
				B574E4CD1B31BEF000037C40 /* Release */,
			);
			defaultConfigurationIsVisible = 0;
			defaultConfigurationName = Release;
		};
/* End XCConfigurationList section */
	};
	rootObject = B574E42A1B31A41700037C40 /* Project object */;
}
